
Microsoft Visual Studio Solution File, Format Version 12.00
# Visual Studio Version 16
VisualStudioVersion = 16.0.31112.23
MinimumVisualStudioVersion = 10.0.40219.1
Project("{FAE04EC0-301F-11D3-BF4B-00C04F79EFBC}") = "PictureAlwaysOnTop", "PictureAlwaysOnTop.csproj", "{02C9AE65-8AEE-40BB-B9F4-5E044766ED18}"
EndProject
Global
	GlobalSection(SolutionConfigurationPlatforms) = preSolution
		Debug|Any CPU = Debug|Any CPU
		Release|Any CPU = Release|Any CPU
	EndGlobalSection
	GlobalSection(ProjectConfigurationPlatforms) = postSolution
		{02C9AE65-8AEE-40BB-B9F4-5E044766ED18}.Debug|Any CPU.ActiveCfg = Debug|Any CPU
		{02C9AE65-8AEE-40BB-B9F4-5E044766ED18}.Debug|Any CPU.Build.0 = Debug|Any CPU
		{02C9AE65-8AEE-40BB-B9F4-5E044766ED18}.Release|Any CPU.ActiveCfg = Release|Any CPU
		{02C9AE65-8AEE-40BB-B9F4-5E044766ED18}.Release|Any CPU.Build.0 = Release|Any CPU
	EndGlobalSection
	GlobalSection(SolutionProperties) = preSolution
		HideSolutionNode = FALSE
	EndGlobalSection
	GlobalSection(ExtensibilityGlobals) = postSolution
		SolutionGuid = {B96B5E5A-0AEB-4027-B5CC-E809E880D398}
	EndGlobalSection
EndGlobal
