
Microsoft Visual Studio Solution File, Format Version 12.00
# Visual Studio Version 16
VisualStudioVersion = 16.0.29920.165
MinimumVisualStudioVersion = 10.0.40219.1
Project("{FAE04EC0-301F-11D3-BF4B-00C04F79EFBC}") = "Kemia", "Kemia\Kemia.csproj", "{67EB2710-F0A7-4C0F-8A92-1893117EE0CC}"
EndProject
Global
	GlobalSection(SolutionConfigurationPlatforms) = preSolution
		Debug|Any CPU = Debug|Any CPU
		Release|Any CPU = Release|Any CPU
	EndGlobalSection
	GlobalSection(ProjectConfigurationPlatforms) = postSolution
		{67EB2710-F0A7-4C0F-8A92-1893117EE0CC}.Debug|Any CPU.ActiveCfg = Debug|Any CPU
		{67EB2710-F0A7-4C0F-8A92-1893117EE0CC}.Debug|Any CPU.Build.0 = Debug|Any CPU
		{67EB2710-F0A7-4C0F-8A92-1893117EE0CC}.Release|Any CPU.ActiveCfg = Release|Any CPU
		{67EB2710-F0A7-4C0F-8A92-1893117EE0CC}.Release|Any CPU.Build.0 = Release|Any CPU
	EndGlobalSection
	GlobalSection(SolutionProperties) = preSolution
		HideSolutionNode = FALSE
	EndGlobalSection
	GlobalSection(ExtensibilityGlobals) = postSolution
		SolutionGuid = {7F171F3E-0CF5-479A-AA4E-FD8BC58F02B6}
	EndGlobalSection
EndGlobal
