
Microsoft Visual Studio Solution File, Format Version 12.00
# Visual Studio Version 16
VisualStudioVersion = 16.0.31112.23
MinimumVisualStudioVersion = 10.0.40219.1
Project("{FAE04EC0-301F-11D3-BF4B-00C04F79EFBC}") = "ADFGVX", "ADFGVX\ADFGVX.csproj", "{5A857AA6-A680-4FCB-9EC8-172CD78AC231}"
EndProject
Project("{FAE04EC0-301F-11D3-BF4B-00C04F79EFBC}") = "ADFGVXgui", "ADFGVXgui\ADFGVXgui.csproj", "{B648A08B-694F-4CC5-91D9-4ADD3B75626B}"
EndProject
Global
	GlobalSection(SolutionConfigurationPlatforms) = preSolution
		Debug|Any CPU = Debug|Any CPU
		Release|Any CPU = Release|Any CPU
	EndGlobalSection
	GlobalSection(ProjectConfigurationPlatforms) = postSolution
		{5A857AA6-A680-4FCB-9EC8-172CD78AC231}.Debug|Any CPU.ActiveCfg = Debug|Any CPU
		{5A857AA6-A680-4FCB-9EC8-172CD78AC231}.Debug|Any CPU.Build.0 = Debug|Any CPU
		{5A857AA6-A680-4FCB-9EC8-172CD78AC231}.Release|Any CPU.ActiveCfg = Release|Any CPU
		{5A857AA6-A680-4FCB-9EC8-172CD78AC231}.Release|Any CPU.Build.0 = Release|Any CPU
		{B648A08B-694F-4CC5-91D9-4ADD3B75626B}.Debug|Any CPU.ActiveCfg = Debug|Any CPU
		{B648A08B-694F-4CC5-91D9-4ADD3B75626B}.Debug|Any CPU.Build.0 = Debug|Any CPU
		{B648A08B-694F-4CC5-91D9-4ADD3B75626B}.Release|Any CPU.ActiveCfg = Release|Any CPU
		{B648A08B-694F-4CC5-91D9-4ADD3B75626B}.Release|Any CPU.Build.0 = Release|Any CPU
	EndGlobalSection
	GlobalSection(SolutionProperties) = preSolution
		HideSolutionNode = FALSE
	EndGlobalSection
	GlobalSection(ExtensibilityGlobals) = postSolution
		SolutionGuid = {CADB9470-3FFA-4EA2-894F-BB780D1D5FEF}
	EndGlobalSection
EndGlobal
