
Microsoft Visual Studio Solution File, Format Version 12.00
# Visual Studio Version 17
VisualStudioVersion = 17.0.31512.422
MinimumVisualStudioVersion = 10.0.40219.1
Project("{FAE04EC0-301F-11D3-BF4B-00C04F79EFBC}") = "pizzeria.website", "pizzeria.website\pizzeria.website.csproj", "{A1D5D446-62F0-4755-90F7-90C7E1FA7A8B}"
EndProject
Project("{FAE04EC0-301F-11D3-BF4B-00C04F79EFBC}") = "pizzeria.service", "pizzeria.service\pizzeria.service.csproj", "{83EA82FA-C835-4B6A-BCDD-594291597BD1}"
EndProject
Project("{FAE04EC0-301F-11D3-BF4B-00C04F79EFBC}") = "pizzeria.data", "pizzeria.data\pizzeria.data.csproj", "{05C6980A-2933-4295-8C37-F1F75F30224A}"
EndProject
Global
	GlobalSection(SolutionConfigurationPlatforms) = preSolution
		Debug|Any CPU = Debug|Any CPU
		Release|Any CPU = Release|Any CPU
	EndGlobalSection
	GlobalSection(ProjectConfigurationPlatforms) = postSolution
		{A1D5D446-62F0-4755-90F7-90C7E1FA7A8B}.Debug|Any CPU.ActiveCfg = Debug|Any CPU
		{A1D5D446-62F0-4755-90F7-90C7E1FA7A8B}.Debug|Any CPU.Build.0 = Debug|Any CPU
		{A1D5D446-62F0-4755-90F7-90C7E1FA7A8B}.Release|Any CPU.ActiveCfg = Release|Any CPU
		{A1D5D446-62F0-4755-90F7-90C7E1FA7A8B}.Release|Any CPU.Build.0 = Release|Any CPU
		{83EA82FA-C835-4B6A-BCDD-594291597BD1}.Debug|Any CPU.ActiveCfg = Debug|Any CPU
		{83EA82FA-C835-4B6A-BCDD-594291597BD1}.Debug|Any CPU.Build.0 = Debug|Any CPU
		{83EA82FA-C835-4B6A-BCDD-594291597BD1}.Release|Any CPU.ActiveCfg = Release|Any CPU
		{83EA82FA-C835-4B6A-BCDD-594291597BD1}.Release|Any CPU.Build.0 = Release|Any CPU
		{05C6980A-2933-4295-8C37-F1F75F30224A}.Debug|Any CPU.ActiveCfg = Debug|Any CPU
		{05C6980A-2933-4295-8C37-F1F75F30224A}.Debug|Any CPU.Build.0 = Debug|Any CPU
		{05C6980A-2933-4295-8C37-F1F75F30224A}.Release|Any CPU.ActiveCfg = Release|Any CPU
		{05C6980A-2933-4295-8C37-F1F75F30224A}.Release|Any CPU.Build.0 = Release|Any CPU
	EndGlobalSection
	GlobalSection(SolutionProperties) = preSolution
		HideSolutionNode = FALSE
	EndGlobalSection
	GlobalSection(ExtensibilityGlobals) = postSolution
		SolutionGuid = {84E95365-0321-4625-A4BA-5A98A8AFD566}
	EndGlobalSection
EndGlobal
