
Microsoft Visual Studio Solution File, Format Version 12.00
# Visual Studio Version 17
VisualStudioVersion = 17.4.33205.214
MinimumVisualStudioVersion = 10.0.40219.1
Project("{FAE04EC0-301F-11D3-BF4B-00C04F79EFBC}") = "back-end", "back-end.csproj", "{521D87A8-5340-4C18-A7E1-D65E329FE337}"
EndProject
Global
	GlobalSection(SolutionConfigurationPlatforms) = preSolution
		Debug|Any CPU = Debug|Any CPU
		Release|Any CPU = Release|Any CPU
	EndGlobalSection
	GlobalSection(ProjectConfigurationPlatforms) = postSolution
		{521D87A8-5340-4C18-A7E1-D65E329FE337}.Debug|Any CPU.ActiveCfg = Debug|Any CPU
		{521D87A8-5340-4C18-A7E1-D65E329FE337}.Debug|Any CPU.Build.0 = Debug|Any CPU
		{521D87A8-5340-4C18-A7E1-D65E329FE337}.Release|Any CPU.ActiveCfg = Release|Any CPU
		{521D87A8-5340-4C18-A7E1-D65E329FE337}.Release|Any CPU.Build.0 = Release|Any CPU
	EndGlobalSection
	GlobalSection(SolutionProperties) = preSolution
		HideSolutionNode = FALSE
	EndGlobalSection
	GlobalSection(ExtensibilityGlobals) = postSolution
		SolutionGuid = {F479C4FB-5FB6-4E12-AF39-854C451EA100}
	EndGlobalSection
EndGlobal
