
Microsoft Visual Studio Solution File, Format Version 12.00
# Visual Studio Version 16
VisualStudioVersion = 16.0.31005.135
MinimumVisualStudioVersion = 10.0.40219.1
Project("{FAE04EC0-301F-11D3-BF4B-00C04F79EFBC}") = "E-Munkalap", "E-Munkalap\E-Munkalap.csproj", "{F44FB40E-D323-40F0-8738-A1AC088817D0}"
EndProject
Project("{FAE04EC0-301F-11D3-BF4B-00C04F79EFBC}") = "E-Munkalap.Data", "E-Munkalap.Data\E-Munkalap.Data.csproj", "{0EE2FF8B-EAA3-437E-99AA-0D8A1085BC3E}"
EndProject
Global
	GlobalSection(SolutionConfigurationPlatforms) = preSolution
		Debug|x64 = Debug|x64
		Release|x64 = Release|x64
	EndGlobalSection
	GlobalSection(ProjectConfigurationPlatforms) = postSolution
		{F44FB40E-D323-40F0-8738-A1AC088817D0}.Debug|x64.ActiveCfg = Debug|x64
		{F44FB40E-D323-40F0-8738-A1AC088817D0}.Debug|x64.Build.0 = Debug|x64
		{F44FB40E-D323-40F0-8738-A1AC088817D0}.Release|x64.ActiveCfg = Release|x64
		{F44FB40E-D323-40F0-8738-A1AC088817D0}.Release|x64.Build.0 = Release|x64
		{0EE2FF8B-EAA3-437E-99AA-0D8A1085BC3E}.Debug|x64.ActiveCfg = Debug|x64
		{0EE2FF8B-EAA3-437E-99AA-0D8A1085BC3E}.Debug|x64.Build.0 = Debug|x64
		{0EE2FF8B-EAA3-437E-99AA-0D8A1085BC3E}.Release|x64.ActiveCfg = Release|x64
		{0EE2FF8B-EAA3-437E-99AA-0D8A1085BC3E}.Release|x64.Build.0 = Release|x64
	EndGlobalSection
	GlobalSection(SolutionProperties) = preSolution
		HideSolutionNode = FALSE
	EndGlobalSection
	GlobalSection(ExtensibilityGlobals) = postSolution
		SolutionGuid = {DC623E35-972B-48D6-AFAE-45B1B7A40123}
	EndGlobalSection
EndGlobal
