
Microsoft Visual Studio Solution File, Format Version 12.00
# Visual Studio Version 16
VisualStudioVersion = 16.0.30517.126
MinimumVisualStudioVersion = 10.0.40219.1
Project("{FAE04EC0-301F-11D3-BF4B-00C04F79EFBC}") = "Ultrabalaton WPF", "Ultrabalaton WPF\Ultrabalaton WPF.csproj", "{279AA268-5D9C-4B1E-826D-7DD748CBCB30}"
EndProject
Global
	GlobalSection(SolutionConfigurationPlatforms) = preSolution
		Debug|Any CPU = Debug|Any CPU
		Release|Any CPU = Release|Any CPU
	EndGlobalSection
	GlobalSection(ProjectConfigurationPlatforms) = postSolution
		{279AA268-5D9C-4B1E-826D-7DD748CBCB30}.Debug|Any CPU.ActiveCfg = Debug|Any CPU
		{279AA268-5D9C-4B1E-826D-7DD748CBCB30}.Debug|Any CPU.Build.0 = Debug|Any CPU
		{279AA268-5D9C-4B1E-826D-7DD748CBCB30}.Release|Any CPU.ActiveCfg = Release|Any CPU
		{279AA268-5D9C-4B1E-826D-7DD748CBCB30}.Release|Any CPU.Build.0 = Release|Any CPU
	EndGlobalSection
	GlobalSection(SolutionProperties) = preSolution
		HideSolutionNode = FALSE
	EndGlobalSection
	GlobalSection(ExtensibilityGlobals) = postSolution
		SolutionGuid = {DF75684D-17DD-4DFA-BBAC-B01CF15B8717}
	EndGlobalSection
EndGlobal
