
Microsoft Visual Studio Solution File, Format Version 12.00
# Visual Studio Version 16
VisualStudioVersion = 16.0.30011.22
MinimumVisualStudioVersion = 10.0.40219.1
Project("{FAE04EC0-301F-11D3-BF4B-00C04F79EFBC}") = "Forgoracs2020", "Forgoracs2020\Forgoracs2020.csproj", "{99912D19-B6A5-43C8-885A-A52A170ECF48}"
EndProject
Project("{FAE04EC0-301F-11D3-BF4B-00C04F79EFBC}") = "Forgoracs2020GUI", "Forgoracs2020GUI\Forgoracs2020GUI.csproj", "{CCC65A05-5D9E-49E7-AEEF-627D38C171D3}"
EndProject
Global
	GlobalSection(SolutionConfigurationPlatforms) = preSolution
		Debug|Any CPU = Debug|Any CPU
		Release|Any CPU = Release|Any CPU
	EndGlobalSection
	GlobalSection(ProjectConfigurationPlatforms) = postSolution
		{99912D19-B6A5-43C8-885A-A52A170ECF48}.Debug|Any CPU.ActiveCfg = Debug|Any CPU
		{99912D19-B6A5-43C8-885A-A52A170ECF48}.Debug|Any CPU.Build.0 = Debug|Any CPU
		{99912D19-B6A5-43C8-885A-A52A170ECF48}.Release|Any CPU.ActiveCfg = Release|Any CPU
		{99912D19-B6A5-43C8-885A-A52A170ECF48}.Release|Any CPU.Build.0 = Release|Any CPU
		{CCC65A05-5D9E-49E7-AEEF-627D38C171D3}.Debug|Any CPU.ActiveCfg = Debug|Any CPU
		{CCC65A05-5D9E-49E7-AEEF-627D38C171D3}.Debug|Any CPU.Build.0 = Debug|Any CPU
		{CCC65A05-5D9E-49E7-AEEF-627D38C171D3}.Release|Any CPU.ActiveCfg = Release|Any CPU
		{CCC65A05-5D9E-49E7-AEEF-627D38C171D3}.Release|Any CPU.Build.0 = Release|Any CPU
	EndGlobalSection
	GlobalSection(SolutionProperties) = preSolution
		HideSolutionNode = FALSE
	EndGlobalSection
	GlobalSection(ExtensibilityGlobals) = postSolution
		SolutionGuid = {414BEA52-2334-431F-AA75-7614657F8906}
	EndGlobalSection
EndGlobal
