
Microsoft Visual Studio Solution File, Format Version 12.00
# Visual Studio Version 16
VisualStudioVersion = 16.0.29920.165
MinimumVisualStudioVersion = 10.0.40219.1
Project("{FAE04EC0-301F-11D3-BF4B-00C04F79EFBC}") = "Egyszamjatek", "Egyszamjatek\Egyszamjatek.csproj", "{A8D40DCC-3901-47E3-A401-ED1E34359893}"
EndProject
Project("{FAE04EC0-301F-11D3-BF4B-00C04F79EFBC}") = "EgyszamjatekGui", "EgyszamjatekGui\EgyszamjatekGui.csproj", "{A4F60D8D-F101-42F1-A8F0-1FA98743F3AF}"
EndProject
Global
	GlobalSection(SolutionConfigurationPlatforms) = preSolution
		Debug|Any CPU = Debug|Any CPU
		Release|Any CPU = Release|Any CPU
	EndGlobalSection
	GlobalSection(ProjectConfigurationPlatforms) = postSolution
		{A8D40DCC-3901-47E3-A401-ED1E34359893}.Debug|Any CPU.ActiveCfg = Debug|Any CPU
		{A8D40DCC-3901-47E3-A401-ED1E34359893}.Debug|Any CPU.Build.0 = Debug|Any CPU
		{A8D40DCC-3901-47E3-A401-ED1E34359893}.Release|Any CPU.ActiveCfg = Release|Any CPU
		{A8D40DCC-3901-47E3-A401-ED1E34359893}.Release|Any CPU.Build.0 = Release|Any CPU
		{A4F60D8D-F101-42F1-A8F0-1FA98743F3AF}.Debug|Any CPU.ActiveCfg = Debug|Any CPU
		{A4F60D8D-F101-42F1-A8F0-1FA98743F3AF}.Debug|Any CPU.Build.0 = Debug|Any CPU
		{A4F60D8D-F101-42F1-A8F0-1FA98743F3AF}.Release|Any CPU.ActiveCfg = Release|Any CPU
		{A4F60D8D-F101-42F1-A8F0-1FA98743F3AF}.Release|Any CPU.Build.0 = Release|Any CPU
	EndGlobalSection
	GlobalSection(SolutionProperties) = preSolution
		HideSolutionNode = FALSE
	EndGlobalSection
	GlobalSection(ExtensibilityGlobals) = postSolution
		SolutionGuid = {61DFB6F0-5D1B-4553-A6A9-E51E704C04B2}
	EndGlobalSection
EndGlobal
